
Microsoft Visual Studio Solution File, Format Version 12.00
# Visual Studio Version 16
VisualStudioVersion = 16.0.30204.135
MinimumVisualStudioVersion = 10.0.40219.1
Project("{FAE04EC0-301F-11D3-BF4B-00C04F79EFBC}") = "StringManipulation", "StringManipulation\StringManipulation.csproj", "{81190D84-A404-48F8-B85E-D44E6FD8DD51}"
EndProject
Global
	GlobalSection(SolutionConfigurationPlatforms) = preSolution
		Debug|Any CPU = Debug|Any CPU
		Release|Any CPU = Release|Any CPU
	EndGlobalSection
	GlobalSection(ProjectConfigurationPlatforms) = postSolution
		{81190D84-A404-48F8-B85E-D44E6FD8DD51}.Debug|Any CPU.ActiveCfg = Debug|Any CPU
		{81190D84-A404-48F8-B85E-D44E6FD8DD51}.Debug|Any CPU.Build.0 = Debug|Any CPU
		{81190D84-A404-48F8-B85E-D44E6FD8DD51}.Release|Any CPU.ActiveCfg = Release|Any CPU
		{81190D84-A404-48F8-B85E-D44E6FD8DD51}.Release|Any CPU.Build.0 = Release|Any CPU
	EndGlobalSection
	GlobalSection(SolutionProperties) = preSolution
		HideSolutionNode = FALSE
	EndGlobalSection
	GlobalSection(ExtensibilityGlobals) = postSolution
		SolutionGuid = {0A8026A3-91A0-4EA5-9077-95D8CE5A7570}
	EndGlobalSection
EndGlobal
